
Microsoft Visual Studio Solution File, Format Version 12.00
# Visual Studio Version 17
VisualStudioVersion = 17.4.33205.214
MinimumVisualStudioVersion = 10.0.40219.1
Project("{8BC9CEB8-8B4A-11D0-8D11-00A0C91BC942}") = "ps2icon_to_obj", "ps2icon_to_obj\ps2icon_to_obj.vcxproj", "{38EBD23F-3D0D-4FCB-A9C5-B1EABE71F629}"
EndProject
Project("{8BC9CEB8-8B4A-11D0-8D11-00A0C91BC942}") = "src", "src\src.vcxproj", "{B9AF7453-8E45-4B15-BE07-5B5C5D0DFECC}"
EndProject
Project("{8BC9CEB8-8B4A-11D0-8D11-00A0C91BC942}") = "obj_to_ps2icon", "obj_to_ps2icon\obj_to_ps2icon.vcxproj", "{6AF0BC21-90A4-4ABC-B4A5-702ABEC26857}"
EndProject
Project("{8BC9CEB8-8B4A-11D0-8D11-00A0C91BC942}") = "gbLib", "gbLib\gbLib.vcxproj", "{71422E9F-0969-451B-9CEA-16AAB36D1362}"
EndProject
Global
	GlobalSection(SolutionConfigurationPlatforms) = preSolution
		Debug|x64 = Debug|x64
		Debug|x86 = Debug|x86
		Release|x64 = Release|x64
		Release|x86 = Release|x86
	EndGlobalSection
	GlobalSection(ProjectConfigurationPlatforms) = postSolution
		{38EBD23F-3D0D-4FCB-A9C5-B1EABE71F629}.Debug|x64.ActiveCfg = Debug|x64
		{38EBD23F-3D0D-4FCB-A9C5-B1EABE71F629}.Debug|x64.Build.0 = Debug|x64
		{38EBD23F-3D0D-4FCB-A9C5-B1EABE71F629}.Debug|x86.ActiveCfg = Debug|Win32
		{38EBD23F-3D0D-4FCB-A9C5-B1EABE71F629}.Debug|x86.Build.0 = Debug|Win32
		{38EBD23F-3D0D-4FCB-A9C5-B1EABE71F629}.Release|x64.ActiveCfg = Release|x64
		{38EBD23F-3D0D-4FCB-A9C5-B1EABE71F629}.Release|x64.Build.0 = Release|x64
		{38EBD23F-3D0D-4FCB-A9C5-B1EABE71F629}.Release|x86.ActiveCfg = Release|Win32
		{38EBD23F-3D0D-4FCB-A9C5-B1EABE71F629}.Release|x86.Build.0 = Release|Win32
		{B9AF7453-8E45-4B15-BE07-5B5C5D0DFECC}.Debug|x64.ActiveCfg = Debug|x64
		{B9AF7453-8E45-4B15-BE07-5B5C5D0DFECC}.Debug|x64.Build.0 = Debug|x64
		{B9AF7453-8E45-4B15-BE07-5B5C5D0DFECC}.Debug|x86.ActiveCfg = Debug|Win32
		{B9AF7453-8E45-4B15-BE07-5B5C5D0DFECC}.Debug|x86.Build.0 = Debug|Win32
		{B9AF7453-8E45-4B15-BE07-5B5C5D0DFECC}.Release|x64.ActiveCfg = Release|x64
		{B9AF7453-8E45-4B15-BE07-5B5C5D0DFECC}.Release|x64.Build.0 = Release|x64
		{B9AF7453-8E45-4B15-BE07-5B5C5D0DFECC}.Release|x86.ActiveCfg = Release|Win32
		{B9AF7453-8E45-4B15-BE07-5B5C5D0DFECC}.Release|x86.Build.0 = Release|Win32
		{6AF0BC21-90A4-4ABC-B4A5-702ABEC26857}.Debug|x64.ActiveCfg = Debug|x64
		{6AF0BC21-90A4-4ABC-B4A5-702ABEC26857}.Debug|x64.Build.0 = Debug|x64
		{6AF0BC21-90A4-4ABC-B4A5-702ABEC26857}.Debug|x86.ActiveCfg = Debug|Win32
		{6AF0BC21-90A4-4ABC-B4A5-702ABEC26857}.Debug|x86.Build.0 = Debug|Win32
		{6AF0BC21-90A4-4ABC-B4A5-702ABEC26857}.Release|x64.ActiveCfg = Release|x64
		{6AF0BC21-90A4-4ABC-B4A5-702ABEC26857}.Release|x64.Build.0 = Release|x64
		{6AF0BC21-90A4-4ABC-B4A5-702ABEC26857}.Release|x86.ActiveCfg = Release|Win32
		{6AF0BC21-90A4-4ABC-B4A5-702ABEC26857}.Release|x86.Build.0 = Release|Win32
		{71422E9F-0969-451B-9CEA-16AAB36D1362}.Debug|x64.ActiveCfg = Debug|x64
		{71422E9F-0969-451B-9CEA-16AAB36D1362}.Debug|x64.Build.0 = Debug|x64
		{71422E9F-0969-451B-9CEA-16AAB36D1362}.Debug|x86.ActiveCfg = Debug|Win32
		{71422E9F-0969-451B-9CEA-16AAB36D1362}.Debug|x86.Build.0 = Debug|Win32
		{71422E9F-0969-451B-9CEA-16AAB36D1362}.Release|x64.ActiveCfg = Release|x64
		{71422E9F-0969-451B-9CEA-16AAB36D1362}.Release|x64.Build.0 = Release|x64
		{71422E9F-0969-451B-9CEA-16AAB36D1362}.Release|x86.ActiveCfg = Release|Win32
		{71422E9F-0969-451B-9CEA-16AAB36D1362}.Release|x86.Build.0 = Release|Win32
	EndGlobalSection
	GlobalSection(SolutionProperties) = preSolution
		HideSolutionNode = FALSE
	EndGlobalSection
	GlobalSection(ExtensibilityGlobals) = postSolution
		SolutionGuid = {5D110A40-93AD-4845-8E7C-4B8B4B9606B9}
	EndGlobalSection
EndGlobal
